
Microsoft Visual Studio Solution File, Format Version 12.00
# Visual Studio Version 16
VisualStudioVersion = 16.0.30717.126
MinimumVisualStudioVersion = 10.0.40219.1
Project("{FAE04EC0-301F-11D3-BF4B-00C04F79EFBC}") = "DataTools4Excel", "DataTools4Excel\DataTools4Excel.csproj", "{2ECF5D8C-A60D-47EA-9915-1020978BFA38}"
EndProject
Project("{FAE04EC0-301F-11D3-BF4B-00C04F79EFBC}") = "PaperTools4Word", "PaperTools4Word\PaperTools4Word.csproj", "{9894AB92-DCE2-47A1-B2CA-5B2B2AC6550D}"
EndProject
Global
	GlobalSection(SolutionConfigurationPlatforms) = preSolution
		Debug|Any CPU = Debug|Any CPU
		Release|Any CPU = Release|Any CPU
	EndGlobalSection
	GlobalSection(ProjectConfigurationPlatforms) = postSolution
		{2ECF5D8C-A60D-47EA-9915-1020978BFA38}.Debug|Any CPU.ActiveCfg = Debug|Any CPU
		{2ECF5D8C-A60D-47EA-9915-1020978BFA38}.Debug|Any CPU.Build.0 = Debug|Any CPU
		{2ECF5D8C-A60D-47EA-9915-1020978BFA38}.Release|Any CPU.ActiveCfg = Release|Any CPU
		{2ECF5D8C-A60D-47EA-9915-1020978BFA38}.Release|Any CPU.Build.0 = Release|Any CPU
		{9894AB92-DCE2-47A1-B2CA-5B2B2AC6550D}.Debug|Any CPU.ActiveCfg = Debug|Any CPU
		{9894AB92-DCE2-47A1-B2CA-5B2B2AC6550D}.Debug|Any CPU.Build.0 = Debug|Any CPU
		{9894AB92-DCE2-47A1-B2CA-5B2B2AC6550D}.Release|Any CPU.ActiveCfg = Release|Any CPU
		{9894AB92-DCE2-47A1-B2CA-5B2B2AC6550D}.Release|Any CPU.Build.0 = Release|Any CPU
	EndGlobalSection
	GlobalSection(SolutionProperties) = preSolution
		HideSolutionNode = FALSE
	EndGlobalSection
	GlobalSection(ExtensibilityGlobals) = postSolution
		SolutionGuid = {FF3712D7-C3C2-461F-AF94-06619646C6A9}
	EndGlobalSection
EndGlobal
